
Microsoft Visual Studio Solution File, Format Version 12.00
# Visual Studio Version 17
VisualStudioVersion = 17.4.33213.308
MinimumVisualStudioVersion = 10.0.40219.1
Project("{FAE04EC0-301F-11D3-BF4B-00C04F79EFBC}") = "HastaneRandevu", "HastaneRandevu\HastaneRandevu.csproj", "{F459A0E4-B634-4B85-BBA3-52EC646020AF}"
EndProject
Global
	GlobalSection(SolutionConfigurationPlatforms) = preSolution
		Debug|Any CPU = Debug|Any CPU
		Release|Any CPU = Release|Any CPU
	EndGlobalSection
	GlobalSection(ProjectConfigurationPlatforms) = postSolution
		{F459A0E4-B634-4B85-BBA3-52EC646020AF}.Debug|Any CPU.ActiveCfg = Debug|Any CPU
		{F459A0E4-B634-4B85-BBA3-52EC646020AF}.Debug|Any CPU.Build.0 = Debug|Any CPU
		{F459A0E4-B634-4B85-BBA3-52EC646020AF}.Release|Any CPU.ActiveCfg = Release|Any CPU
		{F459A0E4-B634-4B85-BBA3-52EC646020AF}.Release|Any CPU.Build.0 = Release|Any CPU
	EndGlobalSection
	GlobalSection(SolutionProperties) = preSolution
		HideSolutionNode = FALSE
	EndGlobalSection
	GlobalSection(ExtensibilityGlobals) = postSolution
		SolutionGuid = {6F76FFEF-F7E2-4A4F-A605-855DAE80B9CC}
	EndGlobalSection
EndGlobal
